
Microsoft Visual Studio Solution File, Format Version 12.00
# Visual Studio Version 17
VisualStudioVersion = 17.5.001.0
MinimumVisualStudioVersion = 10.0.40219.1
Project("{2150E333-8FDC-42A3-9474-1A3956D46DE8}") = "prepare", "prepare", "{3899F95D-56AE-490E-971D-BE08F53C1C66}"
EndProject
Project("{9A19103F-16F7-4668-BE54-9A1E7A4F7556}") = "Learning02", "prepare\Learning02\Learning02.csproj", "{5610F1BF-D53F-4B52-A2EE-C2F19AF20E5B}"
EndProject
Project("{9A19103F-16F7-4668-BE54-9A1E7A4F7556}") = "Learning05", "prepare\Learning05\Learning05.csproj", "{4606777D-8832-43C8-AE10-67A150AA628D}"
EndProject
Project("{9A19103F-16F7-4668-BE54-9A1E7A4F7556}") = "Learning04", "prepare\Learning04\Learning04.csproj", "{40AA4EA4-FF01-426E-9445-FD0C1EA43C8D}"
EndProject
Project("{9A19103F-16F7-4668-BE54-9A1E7A4F7556}") = "Learning03", "prepare\Learning03\Learning03.csproj", "{09120302-862D-42EB-AA13-30D34EEBA2DA}"
EndProject
Project("{2150E333-8FDC-42A3-9474-1A3956D46DE8}") = "prove", "prove", "{3EA0649D-CBFB-4E60-ACED-62EA2F503CCA}"
EndProject
Project("{9A19103F-16F7-4668-BE54-9A1E7A4F7556}") = "Develop03", "prove\Develop03\Develop03.csproj", "{3AFCC2FC-DA60-4841-BAE9-96E84AB60493}"
EndProject
Project("{9A19103F-16F7-4668-BE54-9A1E7A4F7556}") = "Develop04", "prove\Develop04\Develop04.csproj", "{42DB271F-279A-4AC6-A1F3-1ED01C6E4CE8}"
EndProject
Project("{9A19103F-16F7-4668-BE54-9A1E7A4F7556}") = "Develop05", "prove\Develop05\Develop05.csproj", "{B4AD8341-85C5-47C6-8477-45DAA63DF2C9}"
EndProject
Project("{9A19103F-16F7-4668-BE54-9A1E7A4F7556}") = "Develop02", "prove\Develop02\Develop02.csproj", "{F3B4397A-8D5D-4DB6-AC74-FDF520B3AE48}"
EndProject
Project("{2150E333-8FDC-42A3-9474-1A3956D46DE8}") = "sandbox", "sandbox", "{64650021-7D0F-4E45-A98B-D73B79CE5F9B}"
EndProject
Project("{9A19103F-16F7-4668-BE54-9A1E7A4F7556}") = "Sandbox", "sandbox\Sandbox\Sandbox.csproj", "{6A1C6577-205C-4443-9DDE-4EC67473F944}"
EndProject
Project("{2150E333-8FDC-42A3-9474-1A3956D46DE8}") = "final", "final", "{867FB497-0A73-44C5-BC9B-0B98D8C9659E}"
EndProject
Project("{9A19103F-16F7-4668-BE54-9A1E7A4F7556}") = "FinalProject", "final\FinalProject\FinalProject.csproj", "{1A6388C4-E665-4569-A0AA-4C8B91106DF2}"
EndProject
Project("{9A19103F-16F7-4668-BE54-9A1E7A4F7556}") = "Foundation1", "final\Foundation1\Foundation1.csproj", "{26D09FC7-A450-40F8-B71B-1C9A8D57C17B}"
EndProject
Project("{9A19103F-16F7-4668-BE54-9A1E7A4F7556}") = "Foundation4", "final\Foundation4\Foundation4.csproj", "{6C3F6AF1-59CF-4C22-AA05-4148CE4912DC}"
EndProject
Project("{9A19103F-16F7-4668-BE54-9A1E7A4F7556}") = "Foundation3", "final\Foundation3\Foundation3.csproj", "{12D71F20-665E-4A73-BFE0-67AB86A52278}"
EndProject
Project("{9A19103F-16F7-4668-BE54-9A1E7A4F7556}") = "Foundation2", "final\Foundation2\Foundation2.csproj", "{EA9259FC-67DE-4AFB-9BB2-E59647A73A0C}"
EndProject
Project("{2150E333-8FDC-42A3-9474-1A3956D46DE8}") = "csharp-prep", "csharp-prep", "{0B25243B-6AF2-4290-B0C6-0C6394AA26FF}"
EndProject
Project("{9A19103F-16F7-4668-BE54-9A1E7A4F7556}") = "Prep1", "csharp-prep\Prep1\Prep1.csproj", "{B0010420-2406-4002-B929-58EEFD5C1625}"
EndProject
Project("{9A19103F-16F7-4668-BE54-9A1E7A4F7556}") = "Prep5", "csharp-prep\Prep5\Prep5.csproj", "{87E525BB-0649-4F96-B811-72F64B405A2F}"
EndProject
Project("{9A19103F-16F7-4668-BE54-9A1E7A4F7556}") = "Prep2", "csharp-prep\Prep2\Prep2.csproj", "{4CE75DFF-B015-4D50-84BB-8DC0F43000CA}"
EndProject
Project("{9A19103F-16F7-4668-BE54-9A1E7A4F7556}") = "Prep3", "csharp-prep\Prep3\Prep3.csproj", "{332C5186-6BDC-43DC-BE75-1DBC508F2CD7}"
EndProject
Project("{9A19103F-16F7-4668-BE54-9A1E7A4F7556}") = "Prep4", "csharp-prep\Prep4\Prep4.csproj", "{43A241BA-28ED-4A7E-AA81-4F5D7DF94F82}"
EndProject
Global
	GlobalSection(SolutionConfigurationPlatforms) = preSolution
		Debug|Any CPU = Debug|Any CPU
		Release|Any CPU = Release|Any CPU
	EndGlobalSection
	GlobalSection(ProjectConfigurationPlatforms) = postSolution
		{5610F1BF-D53F-4B52-A2EE-C2F19AF20E5B}.Debug|Any CPU.ActiveCfg = Debug|Any CPU
		{5610F1BF-D53F-4B52-A2EE-C2F19AF20E5B}.Debug|Any CPU.Build.0 = Debug|Any CPU
		{5610F1BF-D53F-4B52-A2EE-C2F19AF20E5B}.Release|Any CPU.ActiveCfg = Release|Any CPU
		{5610F1BF-D53F-4B52-A2EE-C2F19AF20E5B}.Release|Any CPU.Build.0 = Release|Any CPU
		{4606777D-8832-43C8-AE10-67A150AA628D}.Debug|Any CPU.ActiveCfg = Debug|Any CPU
		{4606777D-8832-43C8-AE10-67A150AA628D}.Debug|Any CPU.Build.0 = Debug|Any CPU
		{4606777D-8832-43C8-AE10-67A150AA628D}.Release|Any CPU.ActiveCfg = Release|Any CPU
		{4606777D-8832-43C8-AE10-67A150AA628D}.Release|Any CPU.Build.0 = Release|Any CPU
		{40AA4EA4-FF01-426E-9445-FD0C1EA43C8D}.Debug|Any CPU.ActiveCfg = Debug|Any CPU
		{40AA4EA4-FF01-426E-9445-FD0C1EA43C8D}.Debug|Any CPU.Build.0 = Debug|Any CPU
		{40AA4EA4-FF01-426E-9445-FD0C1EA43C8D}.Release|Any CPU.ActiveCfg = Release|Any CPU
		{40AA4EA4-FF01-426E-9445-FD0C1EA43C8D}.Release|Any CPU.Build.0 = Release|Any CPU
		{09120302-862D-42EB-AA13-30D34EEBA2DA}.Debug|Any CPU.ActiveCfg = Debug|Any CPU
		{09120302-862D-42EB-AA13-30D34EEBA2DA}.Debug|Any CPU.Build.0 = Debug|Any CPU
		{09120302-862D-42EB-AA13-30D34EEBA2DA}.Release|Any CPU.ActiveCfg = Release|Any CPU
		{09120302-862D-42EB-AA13-30D34EEBA2DA}.Release|Any CPU.Build.0 = Release|Any CPU
		{3AFCC2FC-DA60-4841-BAE9-96E84AB60493}.Debug|Any CPU.ActiveCfg = Debug|Any CPU
		{3AFCC2FC-DA60-4841-BAE9-96E84AB60493}.Debug|Any CPU.Build.0 = Debug|Any CPU
		{3AFCC2FC-DA60-4841-BAE9-96E84AB60493}.Release|Any CPU.ActiveCfg = Release|Any CPU
		{3AFCC2FC-DA60-4841-BAE9-96E84AB60493}.Release|Any CPU.Build.0 = Release|Any CPU
		{42DB271F-279A-4AC6-A1F3-1ED01C6E4CE8}.Debug|Any CPU.ActiveCfg = Debug|Any CPU
		{42DB271F-279A-4AC6-A1F3-1ED01C6E4CE8}.Debug|Any CPU.Build.0 = Debug|Any CPU
		{42DB271F-279A-4AC6-A1F3-1ED01C6E4CE8}.Release|Any CPU.ActiveCfg = Release|Any CPU
		{42DB271F-279A-4AC6-A1F3-1ED01C6E4CE8}.Release|Any CPU.Build.0 = Release|Any CPU
		{B4AD8341-85C5-47C6-8477-45DAA63DF2C9}.Debug|Any CPU.ActiveCfg = Debug|Any CPU
		{B4AD8341-85C5-47C6-8477-45DAA63DF2C9}.Debug|Any CPU.Build.0 = Debug|Any CPU
		{B4AD8341-85C5-47C6-8477-45DAA63DF2C9}.Release|Any CPU.ActiveCfg = Release|Any CPU
		{B4AD8341-85C5-47C6-8477-45DAA63DF2C9}.Release|Any CPU.Build.0 = Release|Any CPU
		{F3B4397A-8D5D-4DB6-AC74-FDF520B3AE48}.Debug|Any CPU.ActiveCfg = Debug|Any CPU
		{F3B4397A-8D5D-4DB6-AC74-FDF520B3AE48}.Debug|Any CPU.Build.0 = Debug|Any CPU
		{F3B4397A-8D5D-4DB6-AC74-FDF520B3AE48}.Release|Any CPU.ActiveCfg = Release|Any CPU
		{F3B4397A-8D5D-4DB6-AC74-FDF520B3AE48}.Release|Any CPU.Build.0 = Release|Any CPU
		{6A1C6577-205C-4443-9DDE-4EC67473F944}.Debug|Any CPU.ActiveCfg = Debug|Any CPU
		{6A1C6577-205C-4443-9DDE-4EC67473F944}.Debug|Any CPU.Build.0 = Debug|Any CPU
		{6A1C6577-205C-4443-9DDE-4EC67473F944}.Release|Any CPU.ActiveCfg = Release|Any CPU
		{6A1C6577-205C-4443-9DDE-4EC67473F944}.Release|Any CPU.Build.0 = Release|Any CPU
		{1A6388C4-E665-4569-A0AA-4C8B91106DF2}.Debug|Any CPU.ActiveCfg = Debug|Any CPU
		{1A6388C4-E665-4569-A0AA-4C8B91106DF2}.Debug|Any CPU.Build.0 = Debug|Any CPU
		{1A6388C4-E665-4569-A0AA-4C8B91106DF2}.Release|Any CPU.ActiveCfg = Release|Any CPU
		{1A6388C4-E665-4569-A0AA-4C8B91106DF2}.Release|Any CPU.Build.0 = Release|Any CPU
		{26D09FC7-A450-40F8-B71B-1C9A8D57C17B}.Debug|Any CPU.ActiveCfg = Debug|Any CPU
		{26D09FC7-A450-40F8-B71B-1C9A8D57C17B}.Debug|Any CPU.Build.0 = Debug|Any CPU
		{26D09FC7-A450-40F8-B71B-1C9A8D57C17B}.Release|Any CPU.ActiveCfg = Release|Any CPU
		{26D09FC7-A450-40F8-B71B-1C9A8D57C17B}.Release|Any CPU.Build.0 = Release|Any CPU
		{6C3F6AF1-59CF-4C22-AA05-4148CE4912DC}.Debug|Any CPU.ActiveCfg = Debug|Any CPU
		{6C3F6AF1-59CF-4C22-AA05-4148CE4912DC}.Debug|Any CPU.Build.0 = Debug|Any CPU
		{6C3F6AF1-59CF-4C22-AA05-4148CE4912DC}.Release|Any CPU.ActiveCfg = Release|Any CPU
		{6C3F6AF1-59CF-4C22-AA05-4148CE4912DC}.Release|Any CPU.Build.0 = Release|Any CPU
		{12D71F20-665E-4A73-BFE0-67AB86A52278}.Debug|Any CPU.ActiveCfg = Debug|Any CPU
		{12D71F20-665E-4A73-BFE0-67AB86A52278}.Debug|Any CPU.Build.0 = Debug|Any CPU
		{12D71F20-665E-4A73-BFE0-67AB86A52278}.Release|Any CPU.ActiveCfg = Release|Any CPU
		{12D71F20-665E-4A73-BFE0-67AB86A52278}.Release|Any CPU.Build.0 = Release|Any CPU
		{EA9259FC-67DE-4AFB-9BB2-E59647A73A0C}.Debug|Any CPU.ActiveCfg = Debug|Any CPU
		{EA9259FC-67DE-4AFB-9BB2-E59647A73A0C}.Debug|Any CPU.Build.0 = Debug|Any CPU
		{EA9259FC-67DE-4AFB-9BB2-E59647A73A0C}.Release|Any CPU.ActiveCfg = Release|Any CPU
		{EA9259FC-67DE-4AFB-9BB2-E59647A73A0C}.Release|Any CPU.Build.0 = Release|Any CPU
		{B0010420-2406-4002-B929-58EEFD5C1625}.Debug|Any CPU.ActiveCfg = Debug|Any CPU
		{B0010420-2406-4002-B929-58EEFD5C1625}.Debug|Any CPU.Build.0 = Debug|Any CPU
		{B0010420-2406-4002-B929-58EEFD5C1625}.Release|Any CPU.ActiveCfg = Release|Any CPU
		{B0010420-2406-4002-B929-58EEFD5C1625}.Release|Any CPU.Build.0 = Release|Any CPU
		{87E525BB-0649-4F96-B811-72F64B405A2F}.Debug|Any CPU.ActiveCfg = Debug|Any CPU
		{87E525BB-0649-4F96-B811-72F64B405A2F}.Debug|Any CPU.Build.0 = Debug|Any CPU
		{87E525BB-0649-4F96-B811-72F64B405A2F}.Release|Any CPU.ActiveCfg = Release|Any CPU
		{87E525BB-0649-4F96-B811-72F64B405A2F}.Release|Any CPU.Build.0 = Release|Any CPU
		{4CE75DFF-B015-4D50-84BB-8DC0F43000CA}.Debug|Any CPU.ActiveCfg = Debug|Any CPU
		{4CE75DFF-B015-4D50-84BB-8DC0F43000CA}.Debug|Any CPU.Build.0 = Debug|Any CPU
		{4CE75DFF-B015-4D50-84BB-8DC0F43000CA}.Release|Any CPU.ActiveCfg = Release|Any CPU
		{4CE75DFF-B015-4D50-84BB-8DC0F43000CA}.Release|Any CPU.Build.0 = Release|Any CPU
		{332C5186-6BDC-43DC-BE75-1DBC508F2CD7}.Debug|Any CPU.ActiveCfg = Debug|Any CPU
		{332C5186-6BDC-43DC-BE75-1DBC508F2CD7}.Debug|Any CPU.Build.0 = Debug|Any CPU
		{332C5186-6BDC-43DC-BE75-1DBC508F2CD7}.Release|Any CPU.ActiveCfg = Release|Any CPU
		{332C5186-6BDC-43DC-BE75-1DBC508F2CD7}.Release|Any CPU.Build.0 = Release|Any CPU
		{43A241BA-28ED-4A7E-AA81-4F5D7DF94F82}.Debug|Any CPU.ActiveCfg = Debug|Any CPU
		{43A241BA-28ED-4A7E-AA81-4F5D7DF94F82}.Debug|Any CPU.Build.0 = Debug|Any CPU
		{43A241BA-28ED-4A7E-AA81-4F5D7DF94F82}.Release|Any CPU.ActiveCfg = Release|Any CPU
		{43A241BA-28ED-4A7E-AA81-4F5D7DF94F82}.Release|Any CPU.Build.0 = Release|Any CPU
	EndGlobalSection
	GlobalSection(SolutionProperties) = preSolution
		HideSolutionNode = FALSE
	EndGlobalSection
	GlobalSection(NestedProjects) = preSolution
		{5610F1BF-D53F-4B52-A2EE-C2F19AF20E5B} = {3899F95D-56AE-490E-971D-BE08F53C1C66}
		{4606777D-8832-43C8-AE10-67A150AA628D} = {3899F95D-56AE-490E-971D-BE08F53C1C66}
		{40AA4EA4-FF01-426E-9445-FD0C1EA43C8D} = {3899F95D-56AE-490E-971D-BE08F53C1C66}
		{09120302-862D-42EB-AA13-30D34EEBA2DA} = {3899F95D-56AE-490E-971D-BE08F53C1C66}
		{3AFCC2FC-DA60-4841-BAE9-96E84AB60493} = {3EA0649D-CBFB-4E60-ACED-62EA2F503CCA}
		{42DB271F-279A-4AC6-A1F3-1ED01C6E4CE8} = {3EA0649D-CBFB-4E60-ACED-62EA2F503CCA}
		{B4AD8341-85C5-47C6-8477-45DAA63DF2C9} = {3EA0649D-CBFB-4E60-ACED-62EA2F503CCA}
		{F3B4397A-8D5D-4DB6-AC74-FDF520B3AE48} = {3EA0649D-CBFB-4E60-ACED-62EA2F503CCA}
		{6A1C6577-205C-4443-9DDE-4EC67473F944} = {64650021-7D0F-4E45-A98B-D73B79CE5F9B}
		{1A6388C4-E665-4569-A0AA-4C8B91106DF2} = {867FB497-0A73-44C5-BC9B-0B98D8C9659E}
		{26D09FC7-A450-40F8-B71B-1C9A8D57C17B} = {867FB497-0A73-44C5-BC9B-0B98D8C9659E}
		{6C3F6AF1-59CF-4C22-AA05-4148CE4912DC} = {867FB497-0A73-44C5-BC9B-0B98D8C9659E}
		{12D71F20-665E-4A73-BFE0-67AB86A52278} = {867FB497-0A73-44C5-BC9B-0B98D8C9659E}
		{EA9259FC-67DE-4AFB-9BB2-E59647A73A0C} = {867FB497-0A73-44C5-BC9B-0B98D8C9659E}
		{B0010420-2406-4002-B929-58EEFD5C1625} = {0B25243B-6AF2-4290-B0C6-0C6394AA26FF}
		{87E525BB-0649-4F96-B811-72F64B405A2F} = {0B25243B-6AF2-4290-B0C6-0C6394AA26FF}
		{4CE75DFF-B015-4D50-84BB-8DC0F43000CA} = {0B25243B-6AF2-4290-B0C6-0C6394AA26FF}
		{332C5186-6BDC-43DC-BE75-1DBC508F2CD7} = {0B25243B-6AF2-4290-B0C6-0C6394AA26FF}
		{43A241BA-28ED-4A7E-AA81-4F5D7DF94F82} = {0B25243B-6AF2-4290-B0C6-0C6394AA26FF}
	EndGlobalSection
	GlobalSection(ExtensibilityGlobals) = postSolution
		SolutionGuid = {FF3F5019-308B-4E96-9C67-08492C712D79}
	EndGlobalSection
EndGlobal
